// !$*UTF8*$!
{
	archiveVersion = 1;
	classes = {
	};
	objectVersion = 50;
	objects = {

/* Begin PBXBuildFile section */
		EDCDBE9820ACDB70004E4EF3 /* VACalendar.h in Headers */ = {isa = PBXBuildFile; fileRef = EDCDBE9620ACDB70004E4EF3 /* VACalendar.h */; settings = {ATTRIBUTES = (Public, ); }; };
		EDCDBEAB20ACDC9B004E4EF3 /* VADay.swift in Sources */ = {isa = PBXBuildFile; fileRef = EDCDBE9E20ACDC9B004E4EF3 /* VADay.swift */; };
		EDCDBEAC20ACDC9B004E4EF3 /* VADotView.swift in Sources */ = {isa = PBXBuildFile; fileRef = EDCDBE9F20ACDC9B004E4EF3 /* VADotView.swift */; };
		EDCDBEAD20ACDC9B004E4EF3 /* VAWeek.swift in Sources */ = {isa = PBXBuildFile; fileRef = EDCDBEA020ACDC9B004E4EF3 /* VAWeek.swift */; };
		EDCDBEAE20ACDC9B004E4EF3 /* VAWeekDaysView.swift in Sources */ = {isa = PBXBuildFile; fileRef = EDCDBEA120ACDC9B004E4EF3 /* VAWeekDaysView.swift */; };
		EDCDBEAF20ACDC9B004E4EF3 /* VACalendarView.swift in Sources */ = {isa = PBXBuildFile; fileRef = EDCDBEA220ACDC9B004E4EF3 /* VACalendarView.swift */; };
		EDCDBEB020ACDC9B004E4EF3 /* VAMonthView.swift in Sources */ = {isa = PBXBuildFile; fileRef = EDCDBEA320ACDC9B004E4EF3 /* VAMonthView.swift */; };
		EDCDBEB120ACDC9B004E4EF3 /* VAFormatters.swift in Sources */ = {isa = PBXBuildFile; fileRef = EDCDBEA420ACDC9B004E4EF3 /* VAFormatters.swift */; };
		EDCDBEB220ACDC9B004E4EF3 /* VAMonth.swift in Sources */ = {isa = PBXBuildFile; fileRef = EDCDBEA520ACDC9B004E4EF3 /* VAMonth.swift */; };
		EDCDBEB320ACDC9B004E4EF3 /* VAWeekView.swift in Sources */ = {isa = PBXBuildFile; fileRef = EDCDBEA620ACDC9B004E4EF3 /* VAWeekView.swift */; };
		EDCDBEB420ACDC9B004E4EF3 /* VADayView.swift in Sources */ = {isa = PBXBuildFile; fileRef = EDCDBEA720ACDC9B004E4EF3 /* VADayView.swift */; };
		EDCDBEB520ACDC9B004E4EF3 /* VACalendar.swift in Sources */ = {isa = PBXBuildFile; fileRef = EDCDBEA820ACDC9B004E4EF3 /* VACalendar.swift */; };
		EDCDBEB620ACDC9B004E4EF3 /* VAMonthHeaderView.swift in Sources */ = {isa = PBXBuildFile; fileRef = EDCDBEA920ACDC9B004E4EF3 /* VAMonthHeaderView.swift */; };
		EDCDBEB720ACDC9B004E4EF3 /* VACalendarMonthDelegate.swift in Sources */ = {isa = PBXBuildFile; fileRef = EDCDBEAA20ACDC9B004E4EF3 /* VACalendarMonthDelegate.swift */; };
/* End PBXBuildFile section */

/* Begin PBXFileReference section */
		EDCDBE9320ACDB70004E4EF3 /* VACalendar.framework */ = {isa = PBXFileReference; explicitFileType = wrapper.framework; includeInIndex = 0; path = VACalendar.framework; sourceTree = BUILT_PRODUCTS_DIR; };
		EDCDBE9620ACDB70004E4EF3 /* VACalendar.h */ = {isa = PBXFileReference; lastKnownFileType = sourcecode.c.h; path = VACalendar.h; sourceTree = "<group>"; };
		EDCDBE9720ACDB70004E4EF3 /* Info.plist */ = {isa = PBXFileReference; lastKnownFileType = text.plist.xml; path = Info.plist; sourceTree = "<group>"; };
		EDCDBE9E20ACDC9B004E4EF3 /* VADay.swift */ = {isa = PBXFileReference; fileEncoding = 4; lastKnownFileType = sourcecode.swift; path = VADay.swift; sourceTree = "<group>"; };
		EDCDBE9F20ACDC9B004E4EF3 /* VADotView.swift */ = {isa = PBXFileReference; fileEncoding = 4; lastKnownFileType = sourcecode.swift; path = VADotView.swift; sourceTree = "<group>"; };
		EDCDBEA020ACDC9B004E4EF3 /* VAWeek.swift */ = {isa = PBXFileReference; fileEncoding = 4; lastKnownFileType = sourcecode.swift; path = VAWeek.swift; sourceTree = "<group>"; };
		EDCDBEA120ACDC9B004E4EF3 /* VAWeekDaysView.swift */ = {isa = PBXFileReference; fileEncoding = 4; lastKnownFileType = sourcecode.swift; path = VAWeekDaysView.swift; sourceTree = "<group>"; };
		EDCDBEA220ACDC9B004E4EF3 /* VACalendarView.swift */ = {isa = PBXFileReference; fileEncoding = 4; lastKnownFileType = sourcecode.swift; path = VACalendarView.swift; sourceTree = "<group>"; };
		EDCDBEA320ACDC9B004E4EF3 /* VAMonthView.swift */ = {isa = PBXFileReference; fileEncoding = 4; lastKnownFileType = sourcecode.swift; path = VAMonthView.swift; sourceTree = "<group>"; };
		EDCDBEA420ACDC9B004E4EF3 /* VAFormatters.swift */ = {isa = PBXFileReference; fileEncoding = 4; lastKnownFileType = sourcecode.swift; path = VAFormatters.swift; sourceTree = "<group>"; };
		EDCDBEA520ACDC9B004E4EF3 /* VAMonth.swift */ = {isa = PBXFileReference; fileEncoding = 4; lastKnownFileType = sourcecode.swift; path = VAMonth.swift; sourceTree = "<group>"; };
		EDCDBEA620ACDC9B004E4EF3 /* VAWeekView.swift */ = {isa = PBXFileReference; fileEncoding = 4; lastKnownFileType = sourcecode.swift; path = VAWeekView.swift; sourceTree = "<group>"; };
		EDCDBEA720ACDC9B004E4EF3 /* VADayView.swift */ = {isa = PBXFileReference; fileEncoding = 4; lastKnownFileType = sourcecode.swift; path = VADayView.swift; sourceTree = "<group>"; };
		EDCDBEA820ACDC9B004E4EF3 /* VACalendar.swift */ = {isa = PBXFileReference; fileEncoding = 4; lastKnownFileType = sourcecode.swift; path = VACalendar.swift; sourceTree = "<group>"; };
		EDCDBEA920ACDC9B004E4EF3 /* VAMonthHeaderView.swift */ = {isa = PBXFileReference; fileEncoding = 4; lastKnownFileType = sourcecode.swift; path = VAMonthHeaderView.swift; sourceTree = "<group>"; };
		EDCDBEAA20ACDC9B004E4EF3 /* VACalendarMonthDelegate.swift */ = {isa = PBXFileReference; fileEncoding = 4; lastKnownFileType = sourcecode.swift; path = VACalendarMonthDelegate.swift; sourceTree = "<group>"; };
/* End PBXFileReference section */

/* Begin PBXFrameworksBuildPhase section */
		EDCDBE8F20ACDB70004E4EF3 /* Frameworks */ = {
			isa = PBXFrameworksBuildPhase;
			buildActionMask = 2147483647;
			files = (
			);
			runOnlyForDeploymentPostprocessing = 0;
		};
/* End PBXFrameworksBuildPhase section */

/* Begin PBXGroup section */
		EDCDBE8920ACDB70004E4EF3 = {
			isa = PBXGroup;
			children = (
				EDCDBE9520ACDB70004E4EF3 /* VACalendar */,
				EDCDBE9420ACDB70004E4EF3 /* Products */,
			);
			sourceTree = "<group>";
		};
		EDCDBE9420ACDB70004E4EF3 /* Products */ = {
			isa = PBXGroup;
			children = (
				EDCDBE9320ACDB70004E4EF3 /* VACalendar.framework */,
			);
			name = Products;
			sourceTree = "<group>";
		};
		EDCDBE9520ACDB70004E4EF3 /* VACalendar */ = {
			isa = PBXGroup;
			children = (
				EDCDBEA820ACDC9B004E4EF3 /* VACalendar.swift */,
				EDCDBEAA20ACDC9B004E4EF3 /* VACalendarMonthDelegate.swift */,
				EDCDBEA220ACDC9B004E4EF3 /* VACalendarView.swift */,
				EDCDBE9E20ACDC9B004E4EF3 /* VADay.swift */,
				EDCDBEA720ACDC9B004E4EF3 /* VADayView.swift */,
				EDCDBE9F20ACDC9B004E4EF3 /* VADotView.swift */,
				EDCDBEA420ACDC9B004E4EF3 /* VAFormatters.swift */,
				EDCDBEA520ACDC9B004E4EF3 /* VAMonth.swift */,
				EDCDBEA920ACDC9B004E4EF3 /* VAMonthHeaderView.swift */,
				EDCDBEA320ACDC9B004E4EF3 /* VAMonthView.swift */,
				EDCDBEA020ACDC9B004E4EF3 /* VAWeek.swift */,
				EDCDBEA120ACDC9B004E4EF3 /* VAWeekDaysView.swift */,
				EDCDBEA620ACDC9B004E4EF3 /* VAWeekView.swift */,
				EDCDBE9620ACDB70004E4EF3 /* VACalendar.h */,
				EDCDBE9720ACDB70004E4EF3 /* Info.plist */,
			);
			path = VACalendar;
			sourceTree = "<group>";
		};
/* End PBXGroup section */

/* Begin PBXHeadersBuildPhase section */
		EDCDBE9020ACDB70004E4EF3 /* Headers */ = {
			isa = PBXHeadersBuildPhase;
			buildActionMask = 2147483647;
			files = (
				EDCDBE9820ACDB70004E4EF3 /* VACalendar.h in Headers */,
			);
			runOnlyForDeploymentPostprocessing = 0;
		};
/* End PBXHeadersBuildPhase section */

/* Begin PBXNativeTarget section */
		EDCDBE9220ACDB70004E4EF3 /* VACalendar */ = {
			isa = PBXNativeTarget;
			buildConfigurationList = EDCDBE9B20ACDB70004E4EF3 /* Build configuration list for PBXNativeTarget "VACalendar" */;
			buildPhases = (
				EDCDBE8E20ACDB70004E4EF3 /* Sources */,
				EDCDBE8F20ACDB70004E4EF3 /* Frameworks */,
				EDCDBE9020ACDB70004E4EF3 /* Headers */,
				EDCDBE9120ACDB70004E4EF3 /* Resources */,
			);
			buildRules = (
			);
			dependencies = (
			);
			name = VACalendar;
			productName = VACalendar;
			productReference = EDCDBE9320ACDB70004E4EF3 /* VACalendar.framework */;
			productType = "com.apple.product-type.framework";
		};
/* End PBXNativeTarget section */

/* Begin PBXProject section */
		EDCDBE8A20ACDB70004E4EF3 /* Project object */ = {
			isa = PBXProject;
			attributes = {
				LastUpgradeCheck = 0930;
				ORGANIZATIONNAME = "Phong Le";
				TargetAttributes = {
					EDCDBE9220ACDB70004E4EF3 = {
						CreatedOnToolsVersion = 9.3.1;
						LastSwiftMigration = 0930;
					};
				};
			};
			buildConfigurationList = EDCDBE8D20ACDB70004E4EF3 /* Build configuration list for PBXProject "VACalendar" */;
			compatibilityVersion = "Xcode 9.3";
			developmentRegion = en;
			hasScannedForEncodings = 0;
			knownRegions = (
				en,
			);
			mainGroup = EDCDBE8920ACDB70004E4EF3;
			productRefGroup = EDCDBE9420ACDB70004E4EF3 /* Products */;
			projectDirPath = "";
			projectRoot = "";
			targets = (
				EDCDBE9220ACDB70004E4EF3 /* VACalendar */,
			);
		};
/* End PBXProject section */

/* Begin PBXResourcesBuildPhase section */
		EDCDBE9120ACDB70004E4EF3 /* Resources */ = {
			isa = PBXResourcesBuildPhase;
			buildActionMask = 2147483647;
			files = (
			);
			runOnlyForDeploymentPostprocessing = 0;
		};
/* End PBXResourcesBuildPhase section */

/* Begin PBXSourcesBuildPhase section */
		EDCDBE8E20ACDB70004E4EF3 /* Sources */ = {
			isa = PBXSourcesBuildPhase;
			buildActionMask = 2147483647;
			files = (
				EDCDBEAF20ACDC9B004E4EF3 /* VACalendarView.swift in Sources */,
				EDCDBEB520ACDC9B004E4EF3 /* VACalendar.swift in Sources */,
				EDCDBEAD20ACDC9B004E4EF3 /* VAWeek.swift in Sources */,
				EDCDBEB020ACDC9B004E4EF3 /* VAMonthView.swift in Sources */,
				EDCDBEB320ACDC9B004E4EF3 /* VAWeekView.swift in Sources */,
				EDCDBEB420ACDC9B004E4EF3 /* VADayView.swift in Sources */,
				EDCDBEB720ACDC9B004E4EF3 /* VACalendarMonthDelegate.swift in Sources */,
				EDCDBEAB20ACDC9B004E4EF3 /* VADay.swift in Sources */,
				EDCDBEB620ACDC9B004E4EF3 /* VAMonthHeaderView.swift in Sources */,
				EDCDBEAE20ACDC9B004E4EF3 /* VAWeekDaysView.swift in Sources */,
				EDCDBEB220ACDC9B004E4EF3 /* VAMonth.swift in Sources */,
				EDCDBEAC20ACDC9B004E4EF3 /* VADotView.swift in Sources */,
				EDCDBEB120ACDC9B004E4EF3 /* VAFormatters.swift in Sources */,
			);
			runOnlyForDeploymentPostprocessing = 0;
		};
/* End PBXSourcesBuildPhase section */

/* Begin XCBuildConfiguration section */
		EDCDBE9920ACDB70004E4EF3 /* Debug */ = {
			isa = XCBuildConfiguration;
			buildSettings = {
				ALWAYS_SEARCH_USER_PATHS = NO;
				CLANG_ANALYZER_NONNULL = YES;
				CLANG_ANALYZER_NUMBER_OBJECT_CONVERSION = YES_AGGRESSIVE;
				CLANG_CXX_LANGUAGE_STANDARD = "gnu++14";
				CLANG_CXX_LIBRARY = "libc++";
				CLANG_ENABLE_MODULES = YES;
				CLANG_ENABLE_OBJC_ARC = YES;
				CLANG_ENABLE_OBJC_WEAK = YES;
				CLANG_WARN_BLOCK_CAPTURE_AUTORELEASING = YES;
				CLANG_WARN_BOOL_CONVERSION = YES;
				CLANG_WARN_COMMA = YES;
				CLANG_WARN_CONSTANT_CONVERSION = YES;
				CLANG_WARN_DEPRECATED_OBJC_IMPLEMENTATIONS = YES;
				CLANG_WARN_DIRECT_OBJC_ISA_USAGE = YES_ERROR;
				CLANG_WARN_DOCUMENTATION_COMMENTS = YES;
				CLANG_WARN_EMPTY_BODY = YES;
				CLANG_WARN_ENUM_CONVERSION = YES;
				CLANG_WARN_INFINITE_RECURSION = YES;
				CLANG_WARN_INT_CONVERSION = YES;
				CLANG_WARN_NON_LITERAL_NULL_CONVERSION = YES;
				CLANG_WARN_OBJC_IMPLICIT_RETAIN_SELF = YES;
				CLANG_WARN_OBJC_LITERAL_CONVERSION = YES;
				CLANG_WARN_OBJC_ROOT_CLASS = YES_ERROR;
				CLANG_WARN_RANGE_LOOP_ANALYSIS = YES;
				CLANG_WARN_STRICT_PROTOTYPES = YES;
				CLANG_WARN_SUSPICIOUS_MOVE = YES;
				CLANG_WARN_UNGUARDED_AVAILABILITY = YES_AGGRESSIVE;
				CLANG_WARN_UNREACHABLE_CODE = YES;
				CLANG_WARN__DUPLICATE_METHOD_MATCH = YES;
				CODE_SIGN_IDENTITY = "iPhone Developer";
				COPY_PHASE_STRIP = NO;
				CURRENT_PROJECT_VERSION = 1;
				DEBUG_INFORMATION_FORMAT = dwarf;
				ENABLE_STRICT_OBJC_MSGSEND = YES;
				ENABLE_TESTABILITY = YES;
				GCC_C_LANGUAGE_STANDARD = gnu11;
				GCC_DYNAMIC_NO_PIC = NO;
				GCC_NO_COMMON_BLOCKS = YES;
				GCC_OPTIMIZATION_LEVEL = 0;
				GCC_PREPROCESSOR_DEFINITIONS = (
					"DEBUG=1",
					"$(inherited)",
				);
				GCC_WARN_64_TO_32_BIT_CONVERSION = YES;
				GCC_WARN_ABOUT_RETURN_TYPE = YES_ERROR;
				GCC_WARN_UNDECLARED_SELECTOR = YES;
				GCC_WARN_UNINITIALIZED_AUTOS = YES_AGGRESSIVE;
				GCC_WARN_UNUSED_FUNCTION = YES;
				GCC_WARN_UNUSED_VARIABLE = YES;
				IPHONEOS_DEPLOYMENT_TARGET = 11.3;
				MTL_ENABLE_DEBUG_INFO = YES;
				ONLY_ACTIVE_ARCH = YES;
				SDKROOT = iphoneos;
				SWIFT_ACTIVE_COMPILATION_CONDITIONS = DEBUG;
				SWIFT_OPTIMIZATION_LEVEL = "-Onone";
				VERSIONING_SYSTEM = "apple-generic";
				VERSION_INFO_PREFIX = "";
			};
			name = Debug;
		};
		EDCDBE9A20ACDB70004E4EF3 /* Release */ = {
			isa = XCBuildConfiguration;
			buildSettings = {
				ALWAYS_SEARCH_USER_PATHS = NO;
				CLANG_ANALYZER_NONNULL = YES;
				CLANG_ANALYZER_NUMBER_OBJECT_CONVERSION = YES_AGGRESSIVE;
				CLANG_CXX_LANGUAGE_STANDARD = "gnu++14";
				CLANG_CXX_LIBRARY = "libc++";
				CLANG_ENABLE_MODULES = YES;
				CLANG_ENABLE_OBJC_ARC = YES;
				CLANG_ENABLE_OBJC_WEAK = YES;
				CLANG_WARN_BLOCK_CAPTURE_AUTORELEASING = YES;
				CLANG_WARN_BOOL_CONVERSION = YES;
				CLANG_WARN_COMMA = YES;
				CLANG_WARN_CONSTANT_CONVERSION = YES;
				CLANG_WARN_DEPRECATED_OBJC_IMPLEMENTATIONS = YES;
				CLANG_WARN_DIRECT_OBJC_ISA_USAGE = YES_ERROR;
				CLANG_WARN_DOCUMENTATION_COMMENTS = YES;
				CLANG_WARN_EMPTY_BODY = YES;
				CLANG_WARN_ENUM_CONVERSION = YES;
				CLANG_WARN_INFINITE_RECURSION = YES;
				CLANG_WARN_INT_CONVERSION = YES;
				CLANG_WARN_NON_LITERAL_NULL_CONVERSION = YES;
				CLANG_WARN_OBJC_IMPLICIT_RETAIN_SELF = YES;
				CLANG_WARN_OBJC_LITERAL_CONVERSION = YES;
				CLANG_WARN_OBJC_ROOT_CLASS = YES_ERROR;
				CLANG_WARN_RANGE_LOOP_ANALYSIS = YES;
				CLANG_WARN_STRICT_PROTOTYPES = YES;
				CLANG_WARN_SUSPICIOUS_MOVE = YES;
				CLANG_WARN_UNGUARDED_AVAILABILITY = YES_AGGRESSIVE;
				CLANG_WARN_UNREACHABLE_CODE = YES;
				CLANG_WARN__DUPLICATE_METHOD_MATCH = YES;
				CODE_SIGN_IDENTITY = "iPhone Developer";
				COPY_PHASE_STRIP = NO;
				CURRENT_PROJECT_VERSION = 1;
				DEBUG_INFORMATION_FORMAT = "dwarf-with-dsym";
				ENABLE_NS_ASSERTIONS = NO;
				ENABLE_STRICT_OBJC_MSGSEND = YES;
				GCC_C_LANGUAGE_STANDARD = gnu11;
				GCC_NO_COMMON_BLOCKS = YES;
				GCC_WARN_64_TO_32_BIT_CONVERSION = YES;
				GCC_WARN_ABOUT_RETURN_TYPE = YES_ERROR;
				GCC_WARN_UNDECLARED_SELECTOR = YES;
				GCC_WARN_UNINITIALIZED_AUTOS = YES_AGGRESSIVE;
				GCC_WARN_UNUSED_FUNCTION = YES;
				GCC_WARN_UNUSED_VARIABLE = YES;
				IPHONEOS_DEPLOYMENT_TARGET = 11.3;
				MTL_ENABLE_DEBUG_INFO = NO;
				SDKROOT = iphoneos;
				SWIFT_COMPILATION_MODE = wholemodule;
				SWIFT_OPTIMIZATION_LEVEL = "-O";
				VALIDATE_PRODUCT = YES;
				VERSIONING_SYSTEM = "apple-generic";
				VERSION_INFO_PREFIX = "";
			};
			name = Release;
		};
		EDCDBE9C20ACDB70004E4EF3 /* Debug */ = {
			isa = XCBuildConfiguration;
			buildSettings = {
				CLANG_ENABLE_MODULES = YES;
				CODE_SIGN_IDENTITY = "";
				CODE_SIGN_STYLE = Automatic;
				DEFINES_MODULE = YES;
				DEVELOPMENT_TEAM = XA52D359WN;
				DYLIB_COMPATIBILITY_VERSION = 1;
				DYLIB_CURRENT_VERSION = 1;
				DYLIB_INSTALL_NAME_BASE = "@rpath";
				INFOPLIST_FILE = VACalendar/Info.plist;
				INSTALL_PATH = "$(LOCAL_LIBRARY_DIR)/Frameworks";
				IPHONEOS_DEPLOYMENT_TARGET = 10.0;
				LD_RUNPATH_SEARCH_PATHS = (
					"$(inherited)",
					"@executable_path/Frameworks",
					"@loader_path/Frameworks",
				);
				PRODUCT_BUNDLE_IDENTIFIER = com.phongleq.VACalendar;
				PRODUCT_NAME = "$(TARGET_NAME:c99extidentifier)";
				SKIP_INSTALL = YES;
				SWIFT_OPTIMIZATION_LEVEL = "-Onone";
				SWIFT_VERSION = 4.0;
				TARGETED_DEVICE_FAMILY = "1,2";
			};
			name = Debug;
		};
		EDCDBE9D20ACDB70004E4EF3 /* Release */ = {
			isa = XCBuildConfiguration;
			buildSettings = {
				CLANG_ENABLE_MODULES = YES;
				CODE_SIGN_IDENTITY = "";
				CODE_SIGN_STYLE = Automatic;
				DEFINES_MODULE = YES;
				DEVELOPMENT_TEAM = XA52D359WN;
				DYLIB_COMPATIBILITY_VERSION = 1;
				DYLIB_CURRENT_VERSION = 1;
				DYLIB_INSTALL_NAME_BASE = "@rpath";
				INFOPLIST_FILE = VACalendar/Info.plist;
				INSTALL_PATH = "$(LOCAL_LIBRARY_DIR)/Frameworks";
				IPHONEOS_DEPLOYMENT_TARGET = 10.0;
				LD_RUNPATH_SEARCH_PATHS = (
					"$(inherited)",
					"@executable_path/Frameworks",
					"@loader_path/Frameworks",
				);
				PRODUCT_BUNDLE_IDENTIFIER = com.phongleq.VACalendar;
				PRODUCT_NAME = "$(TARGET_NAME:c99extidentifier)";
				SKIP_INSTALL = YES;
				SWIFT_VERSION = 4.0;
				TARGETED_DEVICE_FAMILY = "1,2";
			};
			name = Release;
		};
/* End XCBuildConfiguration section */

/* Begin XCConfigurationList section */
		EDCDBE8D20ACDB70004E4EF3 /* Build configuration list for PBXProject "VACalendar" */ = {
			isa = XCConfigurationList;
			buildConfigurations = (
				EDCDBE9920ACDB70004E4EF3 /* Debug */,
				EDCDBE9A20ACDB70004E4EF3 /* Release */,
			);
			defaultConfigurationIsVisible = 0;
			defaultConfigurationName = Release;
		};
		EDCDBE9B20ACDB70004E4EF3 /* Build configuration list for PBXNativeTarget "VACalendar" */ = {
			isa = XCConfigurationList;
			buildConfigurations = (
				EDCDBE9C20ACDB70004E4EF3 /* Debug */,
				EDCDBE9D20ACDB70004E4EF3 /* Release */,
			);
			defaultConfigurationIsVisible = 0;
			defaultConfigurationName = Release;
		};
/* End XCConfigurationList section */
	};
	rootObject = EDCDBE8A20ACDB70004E4EF3 /* Project object */;
}
