// !$*UTF8*$!
{
	archiveVersion = 1;
	classes = {
	};
	objectVersion = 50;
	objects = {

/* Begin PBXBuildFile section */
		ED2EB047206D89290033FA80 /* VACalendar.h in Headers */ = {isa = PBXBuildFile; fileRef = ED2EB045206D89290033FA80 /* VACalendar.h */; settings = {ATTRIBUTES = (Public, ); }; };
		ED2EB05A206D896D0033FA80 /* VACalendarView.swift in Sources */ = {isa = PBXBuildFile; fileRef = ED2EB04D206D896B0033FA80 /* VACalendarView.swift */; };
		ED2EB05B206D896D0033FA80 /* VACalendar.swift in Sources */ = {isa = PBXBuildFile; fileRef = ED2EB04E206D896B0033FA80 /* VACalendar.swift */; };
		ED2EB05C206D896D0033FA80 /* VAWeekView.swift in Sources */ = {isa = PBXBuildFile; fileRef = ED2EB04F206D896C0033FA80 /* VAWeekView.swift */; };
		ED2EB05D206D896D0033FA80 /* VAFormatters.swift in Sources */ = {isa = PBXBuildFile; fileRef = ED2EB050206D896C0033FA80 /* VAFormatters.swift */; };
		ED2EB05E206D896D0033FA80 /* VAMonth.swift in Sources */ = {isa = PBXBuildFile; fileRef = ED2EB051206D896C0033FA80 /* VAMonth.swift */; };
		ED2EB05F206D896D0033FA80 /* VADay.swift in Sources */ = {isa = PBXBuildFile; fileRef = ED2EB052206D896C0033FA80 /* VADay.swift */; };
		ED2EB060206D896D0033FA80 /* VAWeek.swift in Sources */ = {isa = PBXBuildFile; fileRef = ED2EB053206D896C0033FA80 /* VAWeek.swift */; };
		ED2EB061206D896D0033FA80 /* VAWeekDaysView.swift in Sources */ = {isa = PBXBuildFile; fileRef = ED2EB054206D896C0033FA80 /* VAWeekDaysView.swift */; };
		ED2EB062206D896D0033FA80 /* VAMonthHeaderView.swift in Sources */ = {isa = PBXBuildFile; fileRef = ED2EB055206D896C0033FA80 /* VAMonthHeaderView.swift */; };
		ED2EB063206D896D0033FA80 /* VAMonthView.swift in Sources */ = {isa = PBXBuildFile; fileRef = ED2EB056206D896C0033FA80 /* VAMonthView.swift */; };
		ED2EB064206D896D0033FA80 /* VADayView.swift in Sources */ = {isa = PBXBuildFile; fileRef = ED2EB057206D896C0033FA80 /* VADayView.swift */; };
		ED2EB065206D896D0033FA80 /* VACalendarMonthDelegate.swift in Sources */ = {isa = PBXBuildFile; fileRef = ED2EB058206D896C0033FA80 /* VACalendarMonthDelegate.swift */; };
		ED2EB066206D896D0033FA80 /* VADotView.swift in Sources */ = {isa = PBXBuildFile; fileRef = ED2EB059206D896C0033FA80 /* VADotView.swift */; };
/* End PBXBuildFile section */

/* Begin PBXFileReference section */
		ED2EB042206D89290033FA80 /* VACalendar.framework */ = {isa = PBXFileReference; explicitFileType = wrapper.framework; includeInIndex = 0; path = VACalendar.framework; sourceTree = BUILT_PRODUCTS_DIR; };
		ED2EB045206D89290033FA80 /* VACalendar.h */ = {isa = PBXFileReference; lastKnownFileType = sourcecode.c.h; path = VACalendar.h; sourceTree = "<group>"; };
		ED2EB046206D89290033FA80 /* Info.plist */ = {isa = PBXFileReference; lastKnownFileType = text.plist.xml; path = Info.plist; sourceTree = "<group>"; };
		ED2EB04D206D896B0033FA80 /* VACalendarView.swift */ = {isa = PBXFileReference; fileEncoding = 4; lastKnownFileType = sourcecode.swift; path = VACalendarView.swift; sourceTree = "<group>"; };
		ED2EB04E206D896B0033FA80 /* VACalendar.swift */ = {isa = PBXFileReference; fileEncoding = 4; lastKnownFileType = sourcecode.swift; path = VACalendar.swift; sourceTree = "<group>"; };
		ED2EB04F206D896C0033FA80 /* VAWeekView.swift */ = {isa = PBXFileReference; fileEncoding = 4; lastKnownFileType = sourcecode.swift; path = VAWeekView.swift; sourceTree = "<group>"; };
		ED2EB050206D896C0033FA80 /* VAFormatters.swift */ = {isa = PBXFileReference; fileEncoding = 4; lastKnownFileType = sourcecode.swift; path = VAFormatters.swift; sourceTree = "<group>"; };
		ED2EB051206D896C0033FA80 /* VAMonth.swift */ = {isa = PBXFileReference; fileEncoding = 4; lastKnownFileType = sourcecode.swift; path = VAMonth.swift; sourceTree = "<group>"; };
		ED2EB052206D896C0033FA80 /* VADay.swift */ = {isa = PBXFileReference; fileEncoding = 4; lastKnownFileType = sourcecode.swift; path = VADay.swift; sourceTree = "<group>"; };
		ED2EB053206D896C0033FA80 /* VAWeek.swift */ = {isa = PBXFileReference; fileEncoding = 4; lastKnownFileType = sourcecode.swift; path = VAWeek.swift; sourceTree = "<group>"; };
		ED2EB054206D896C0033FA80 /* VAWeekDaysView.swift */ = {isa = PBXFileReference; fileEncoding = 4; lastKnownFileType = sourcecode.swift; path = VAWeekDaysView.swift; sourceTree = "<group>"; };
		ED2EB055206D896C0033FA80 /* VAMonthHeaderView.swift */ = {isa = PBXFileReference; fileEncoding = 4; lastKnownFileType = sourcecode.swift; path = VAMonthHeaderView.swift; sourceTree = "<group>"; };
		ED2EB056206D896C0033FA80 /* VAMonthView.swift */ = {isa = PBXFileReference; fileEncoding = 4; lastKnownFileType = sourcecode.swift; path = VAMonthView.swift; sourceTree = "<group>"; };
		ED2EB057206D896C0033FA80 /* VADayView.swift */ = {isa = PBXFileReference; fileEncoding = 4; lastKnownFileType = sourcecode.swift; path = VADayView.swift; sourceTree = "<group>"; };
		ED2EB058206D896C0033FA80 /* VACalendarMonthDelegate.swift */ = {isa = PBXFileReference; fileEncoding = 4; lastKnownFileType = sourcecode.swift; path = VACalendarMonthDelegate.swift; sourceTree = "<group>"; };
		ED2EB059206D896C0033FA80 /* VADotView.swift */ = {isa = PBXFileReference; fileEncoding = 4; lastKnownFileType = sourcecode.swift; path = VADotView.swift; sourceTree = "<group>"; };
/* End PBXFileReference section */

/* Begin PBXFrameworksBuildPhase section */
		ED2EB03E206D89290033FA80 /* Frameworks */ = {
			isa = PBXFrameworksBuildPhase;
			buildActionMask = 2147483647;
			files = (
			);
			runOnlyForDeploymentPostprocessing = 0;
		};
/* End PBXFrameworksBuildPhase section */

/* Begin PBXGroup section */
		ED2EB038206D89290033FA80 = {
			isa = PBXGroup;
			children = (
				ED2EB044206D89290033FA80 /* VACalendar */,
				ED2EB043206D89290033FA80 /* Products */,
			);
			sourceTree = "<group>";
		};
		ED2EB043206D89290033FA80 /* Products */ = {
			isa = PBXGroup;
			children = (
				ED2EB042206D89290033FA80 /* VACalendar.framework */,
			);
			name = Products;
			sourceTree = "<group>";
		};
		ED2EB044206D89290033FA80 /* VACalendar */ = {
			isa = PBXGroup;
			children = (
				ED2EB045206D89290033FA80 /* VACalendar.h */,
				ED2EB04E206D896B0033FA80 /* VACalendar.swift */,
				ED2EB058206D896C0033FA80 /* VACalendarMonthDelegate.swift */,
				ED2EB04D206D896B0033FA80 /* VACalendarView.swift */,
				ED2EB052206D896C0033FA80 /* VADay.swift */,
				ED2EB057206D896C0033FA80 /* VADayView.swift */,
				ED2EB059206D896C0033FA80 /* VADotView.swift */,
				ED2EB050206D896C0033FA80 /* VAFormatters.swift */,
				ED2EB051206D896C0033FA80 /* VAMonth.swift */,
				ED2EB055206D896C0033FA80 /* VAMonthHeaderView.swift */,
				ED2EB056206D896C0033FA80 /* VAMonthView.swift */,
				ED2EB053206D896C0033FA80 /* VAWeek.swift */,
				ED2EB054206D896C0033FA80 /* VAWeekDaysView.swift */,
				ED2EB04F206D896C0033FA80 /* VAWeekView.swift */,
				ED2EB046206D89290033FA80 /* Info.plist */,
			);
			path = VACalendar;
			sourceTree = "<group>";
		};
/* End PBXGroup section */

/* Begin PBXHeadersBuildPhase section */
		ED2EB03F206D89290033FA80 /* Headers */ = {
			isa = PBXHeadersBuildPhase;
			buildActionMask = 2147483647;
			files = (
				ED2EB047206D89290033FA80 /* VACalendar.h in Headers */,
			);
			runOnlyForDeploymentPostprocessing = 0;
		};
/* End PBXHeadersBuildPhase section */

/* Begin PBXNativeTarget section */
		ED2EB041206D89290033FA80 /* VACalendar */ = {
			isa = PBXNativeTarget;
			buildConfigurationList = ED2EB04A206D89290033FA80 /* Build configuration list for PBXNativeTarget "VACalendar" */;
			buildPhases = (
				ED2EB03D206D89290033FA80 /* Sources */,
				ED2EB03E206D89290033FA80 /* Frameworks */,
				ED2EB03F206D89290033FA80 /* Headers */,
				ED2EB040206D89290033FA80 /* Resources */,
			);
			buildRules = (
			);
			dependencies = (
			);
			name = VACalendar;
			productName = VACalendar;
			productReference = ED2EB042206D89290033FA80 /* VACalendar.framework */;
			productType = "com.apple.product-type.framework";
		};
/* End PBXNativeTarget section */

/* Begin PBXProject section */
		ED2EB039206D89290033FA80 /* Project object */ = {
			isa = PBXProject;
			attributes = {
				LastUpgradeCheck = 0930;
				ORGANIZATIONNAME = "Anton Vodolazkyi";
				TargetAttributes = {
					ED2EB041206D89290033FA80 = {
						CreatedOnToolsVersion = 9.3;
						LastSwiftMigration = 0930;
					};
				};
			};
			buildConfigurationList = ED2EB03C206D89290033FA80 /* Build configuration list for PBXProject "VACalendar" */;
			compatibilityVersion = "Xcode 9.3";
			developmentRegion = en;
			hasScannedForEncodings = 0;
			knownRegions = (
				en,
			);
			mainGroup = ED2EB038206D89290033FA80;
			productRefGroup = ED2EB043206D89290033FA80 /* Products */;
			projectDirPath = "";
			projectRoot = "";
			targets = (
				ED2EB041206D89290033FA80 /* VACalendar */,
			);
		};
/* End PBXProject section */

/* Begin PBXResourcesBuildPhase section */
		ED2EB040206D89290033FA80 /* Resources */ = {
			isa = PBXResourcesBuildPhase;
			buildActionMask = 2147483647;
			files = (
			);
			runOnlyForDeploymentPostprocessing = 0;
		};
/* End PBXResourcesBuildPhase section */

/* Begin PBXSourcesBuildPhase section */
		ED2EB03D206D89290033FA80 /* Sources */ = {
			isa = PBXSourcesBuildPhase;
			buildActionMask = 2147483647;
			files = (
				ED2EB063206D896D0033FA80 /* VAMonthView.swift in Sources */,
				ED2EB05E206D896D0033FA80 /* VAMonth.swift in Sources */,
				ED2EB066206D896D0033FA80 /* VADotView.swift in Sources */,
				ED2EB065206D896D0033FA80 /* VACalendarMonthDelegate.swift in Sources */,
				ED2EB062206D896D0033FA80 /* VAMonthHeaderView.swift in Sources */,
				ED2EB05C206D896D0033FA80 /* VAWeekView.swift in Sources */,
				ED2EB05B206D896D0033FA80 /* VACalendar.swift in Sources */,
				ED2EB05F206D896D0033FA80 /* VADay.swift in Sources */,
				ED2EB060206D896D0033FA80 /* VAWeek.swift in Sources */,
				ED2EB05A206D896D0033FA80 /* VACalendarView.swift in Sources */,
				ED2EB061206D896D0033FA80 /* VAWeekDaysView.swift in Sources */,
				ED2EB064206D896D0033FA80 /* VADayView.swift in Sources */,
				ED2EB05D206D896D0033FA80 /* VAFormatters.swift in Sources */,
			);
			runOnlyForDeploymentPostprocessing = 0;
		};
/* End PBXSourcesBuildPhase section */

/* Begin XCBuildConfiguration section */
		ED2EB048206D89290033FA80 /* Debug */ = {
			isa = XCBuildConfiguration;
			buildSettings = {
				ALWAYS_SEARCH_USER_PATHS = NO;
				CLANG_ANALYZER_NONNULL = YES;
				CLANG_ANALYZER_NUMBER_OBJECT_CONVERSION = YES_AGGRESSIVE;
				CLANG_CXX_LANGUAGE_STANDARD = "gnu++14";
				CLANG_CXX_LIBRARY = "libc++";
				CLANG_ENABLE_MODULES = YES;
				CLANG_ENABLE_OBJC_ARC = YES;
				CLANG_ENABLE_OBJC_WEAK = YES;
				CLANG_WARN_BLOCK_CAPTURE_AUTORELEASING = YES;
				CLANG_WARN_BOOL_CONVERSION = YES;
				CLANG_WARN_COMMA = YES;
				CLANG_WARN_CONSTANT_CONVERSION = YES;
				CLANG_WARN_DEPRECATED_OBJC_IMPLEMENTATIONS = YES;
				CLANG_WARN_DIRECT_OBJC_ISA_USAGE = YES_ERROR;
				CLANG_WARN_DOCUMENTATION_COMMENTS = YES;
				CLANG_WARN_EMPTY_BODY = YES;
				CLANG_WARN_ENUM_CONVERSION = YES;
				CLANG_WARN_INFINITE_RECURSION = YES;
				CLANG_WARN_INT_CONVERSION = YES;
				CLANG_WARN_NON_LITERAL_NULL_CONVERSION = YES;
				CLANG_WARN_OBJC_IMPLICIT_RETAIN_SELF = YES;
				CLANG_WARN_OBJC_LITERAL_CONVERSION = YES;
				CLANG_WARN_OBJC_ROOT_CLASS = YES_ERROR;
				CLANG_WARN_RANGE_LOOP_ANALYSIS = YES;
				CLANG_WARN_STRICT_PROTOTYPES = YES;
				CLANG_WARN_SUSPICIOUS_MOVE = YES;
				CLANG_WARN_UNGUARDED_AVAILABILITY = YES_AGGRESSIVE;
				CLANG_WARN_UNREACHABLE_CODE = YES;
				CLANG_WARN__DUPLICATE_METHOD_MATCH = YES;
				CODE_SIGN_IDENTITY = "iPhone Developer";
				COPY_PHASE_STRIP = NO;
				CURRENT_PROJECT_VERSION = 1;
				DEBUG_INFORMATION_FORMAT = dwarf;
				ENABLE_STRICT_OBJC_MSGSEND = YES;
				ENABLE_TESTABILITY = YES;
				GCC_C_LANGUAGE_STANDARD = gnu11;
				GCC_DYNAMIC_NO_PIC = NO;
				GCC_NO_COMMON_BLOCKS = YES;
				GCC_OPTIMIZATION_LEVEL = 0;
				GCC_PREPROCESSOR_DEFINITIONS = (
					"DEBUG=1",
					"$(inherited)",
				);
				GCC_WARN_64_TO_32_BIT_CONVERSION = YES;
				GCC_WARN_ABOUT_RETURN_TYPE = YES_ERROR;
				GCC_WARN_UNDECLARED_SELECTOR = YES;
				GCC_WARN_UNINITIALIZED_AUTOS = YES_AGGRESSIVE;
				GCC_WARN_UNUSED_FUNCTION = YES;
				GCC_WARN_UNUSED_VARIABLE = YES;
				IPHONEOS_DEPLOYMENT_TARGET = 11.3;
				MTL_ENABLE_DEBUG_INFO = YES;
				ONLY_ACTIVE_ARCH = YES;
				SDKROOT = iphoneos;
				SWIFT_ACTIVE_COMPILATION_CONDITIONS = DEBUG;
				SWIFT_OPTIMIZATION_LEVEL = "-Onone";
				VERSIONING_SYSTEM = "apple-generic";
				VERSION_INFO_PREFIX = "";
			};
			name = Debug;
		};
		ED2EB049206D89290033FA80 /* Release */ = {
			isa = XCBuildConfiguration;
			buildSettings = {
				ALWAYS_SEARCH_USER_PATHS = NO;
				CLANG_ANALYZER_NONNULL = YES;
				CLANG_ANALYZER_NUMBER_OBJECT_CONVERSION = YES_AGGRESSIVE;
				CLANG_CXX_LANGUAGE_STANDARD = "gnu++14";
				CLANG_CXX_LIBRARY = "libc++";
				CLANG_ENABLE_MODULES = YES;
				CLANG_ENABLE_OBJC_ARC = YES;
				CLANG_ENABLE_OBJC_WEAK = YES;
				CLANG_WARN_BLOCK_CAPTURE_AUTORELEASING = YES;
				CLANG_WARN_BOOL_CONVERSION = YES;
				CLANG_WARN_COMMA = YES;
				CLANG_WARN_CONSTANT_CONVERSION = YES;
				CLANG_WARN_DEPRECATED_OBJC_IMPLEMENTATIONS = YES;
				CLANG_WARN_DIRECT_OBJC_ISA_USAGE = YES_ERROR;
				CLANG_WARN_DOCUMENTATION_COMMENTS = YES;
				CLANG_WARN_EMPTY_BODY = YES;
				CLANG_WARN_ENUM_CONVERSION = YES;
				CLANG_WARN_INFINITE_RECURSION = YES;
				CLANG_WARN_INT_CONVERSION = YES;
				CLANG_WARN_NON_LITERAL_NULL_CONVERSION = YES;
				CLANG_WARN_OBJC_IMPLICIT_RETAIN_SELF = YES;
				CLANG_WARN_OBJC_LITERAL_CONVERSION = YES;
				CLANG_WARN_OBJC_ROOT_CLASS = YES_ERROR;
				CLANG_WARN_RANGE_LOOP_ANALYSIS = YES;
				CLANG_WARN_STRICT_PROTOTYPES = YES;
				CLANG_WARN_SUSPICIOUS_MOVE = YES;
				CLANG_WARN_UNGUARDED_AVAILABILITY = YES_AGGRESSIVE;
				CLANG_WARN_UNREACHABLE_CODE = YES;
				CLANG_WARN__DUPLICATE_METHOD_MATCH = YES;
				CODE_SIGN_IDENTITY = "iPhone Developer";
				COPY_PHASE_STRIP = NO;
				CURRENT_PROJECT_VERSION = 1;
				DEBUG_INFORMATION_FORMAT = "dwarf-with-dsym";
				ENABLE_NS_ASSERTIONS = NO;
				ENABLE_STRICT_OBJC_MSGSEND = YES;
				GCC_C_LANGUAGE_STANDARD = gnu11;
				GCC_NO_COMMON_BLOCKS = YES;
				GCC_WARN_64_TO_32_BIT_CONVERSION = YES;
				GCC_WARN_ABOUT_RETURN_TYPE = YES_ERROR;
				GCC_WARN_UNDECLARED_SELECTOR = YES;
				GCC_WARN_UNINITIALIZED_AUTOS = YES_AGGRESSIVE;
				GCC_WARN_UNUSED_FUNCTION = YES;
				GCC_WARN_UNUSED_VARIABLE = YES;
				IPHONEOS_DEPLOYMENT_TARGET = 11.3;
				MTL_ENABLE_DEBUG_INFO = NO;
				SDKROOT = iphoneos;
				SWIFT_COMPILATION_MODE = wholemodule;
				SWIFT_OPTIMIZATION_LEVEL = "-O";
				VALIDATE_PRODUCT = YES;
				VERSIONING_SYSTEM = "apple-generic";
				VERSION_INFO_PREFIX = "";
			};
			name = Release;
		};
		ED2EB04B206D89290033FA80 /* Debug */ = {
			isa = XCBuildConfiguration;
			buildSettings = {
				CLANG_ENABLE_MODULES = YES;
				CODE_SIGN_IDENTITY = "";
				CODE_SIGN_STYLE = Automatic;
				DEFINES_MODULE = YES;
				DYLIB_COMPATIBILITY_VERSION = 1;
				DYLIB_CURRENT_VERSION = 1;
				DYLIB_INSTALL_NAME_BASE = "@rpath";
				INFOPLIST_FILE = VACalendar/Info.plist;
				INSTALL_PATH = "$(LOCAL_LIBRARY_DIR)/Frameworks";
				IPHONEOS_DEPLOYMENT_TARGET = 10.0;
				LD_RUNPATH_SEARCH_PATHS = (
					"$(inherited)",
					"@executable_path/Frameworks",
					"@loader_path/Frameworks",
				);
				PRODUCT_BUNDLE_IDENTIFIER = vodolazkyi.VACalendar;
				PRODUCT_NAME = "$(TARGET_NAME:c99extidentifier)";
				SKIP_INSTALL = YES;
				SWIFT_OPTIMIZATION_LEVEL = "-Onone";
				SWIFT_VERSION = 4.0;
				TARGETED_DEVICE_FAMILY = "1,2";
			};
			name = Debug;
		};
		ED2EB04C206D89290033FA80 /* Release */ = {
			isa = XCBuildConfiguration;
			buildSettings = {
				CLANG_ENABLE_MODULES = YES;
				CODE_SIGN_IDENTITY = "";
				CODE_SIGN_STYLE = Automatic;
				DEFINES_MODULE = YES;
				DYLIB_COMPATIBILITY_VERSION = 1;
				DYLIB_CURRENT_VERSION = 1;
				DYLIB_INSTALL_NAME_BASE = "@rpath";
				INFOPLIST_FILE = VACalendar/Info.plist;
				INSTALL_PATH = "$(LOCAL_LIBRARY_DIR)/Frameworks";
				IPHONEOS_DEPLOYMENT_TARGET = 10.0;
				LD_RUNPATH_SEARCH_PATHS = (
					"$(inherited)",
					"@executable_path/Frameworks",
					"@loader_path/Frameworks",
				);
				PRODUCT_BUNDLE_IDENTIFIER = vodolazkyi.VACalendar;
				PRODUCT_NAME = "$(TARGET_NAME:c99extidentifier)";
				SKIP_INSTALL = YES;
				SWIFT_VERSION = 4.0;
				TARGETED_DEVICE_FAMILY = "1,2";
			};
			name = Release;
		};
/* End XCBuildConfiguration section */

/* Begin XCConfigurationList section */
		ED2EB03C206D89290033FA80 /* Build configuration list for PBXProject "VACalendar" */ = {
			isa = XCConfigurationList;
			buildConfigurations = (
				ED2EB048206D89290033FA80 /* Debug */,
				ED2EB049206D89290033FA80 /* Release */,
			);
			defaultConfigurationIsVisible = 0;
			defaultConfigurationName = Release;
		};
		ED2EB04A206D89290033FA80 /* Build configuration list for PBXNativeTarget "VACalendar" */ = {
			isa = XCConfigurationList;
			buildConfigurations = (
				ED2EB04B206D89290033FA80 /* Debug */,
				ED2EB04C206D89290033FA80 /* Release */,
			);
			defaultConfigurationIsVisible = 0;
			defaultConfigurationName = Release;
		};
/* End XCConfigurationList section */
	};
	rootObject = ED2EB039206D89290033FA80 /* Project object */;
}
